
Microsoft Visual Studio Solution File, Format Version 12.00
# Visual Studio Version 16
VisualStudioVersion = 16.0.31424.327
MinimumVisualStudioVersion = 10.0.40219.1
Project("{FAE04EC0-301F-11D3-BF4B-00C04F79EFBC}") = "BlankApp3", "BlankApp3\BlankApp3\BlankApp3.csproj", "{531A6569-1E1A-480C-86B8-1D2E68B3385F}"
EndProject
Project("{FAE04EC0-301F-11D3-BF4B-00C04F79EFBC}") = "BlankApp3.Android", "BlankApp3\BlankApp3.Android\BlankApp3.Android.csproj", "{71FDAD5E-ED3C-46DA-8E6A-EF449A2F28F2}"
EndProject
Project("{FAE04EC0-301F-11D3-BF4B-00C04F79EFBC}") = "BlankApp3.iOS", "BlankApp3\BlankApp3.iOS\BlankApp3.iOS.csproj", "{281E87C3-1483-4E0C-9581-05D34A493FAE}"
EndProject
Global
	GlobalSection(SolutionConfigurationPlatforms) = preSolution
		Ad-Hoc|Any CPU = Ad-Hoc|Any CPU
		Ad-Hoc|iPhone = Ad-Hoc|iPhone
		Ad-Hoc|iPhoneSimulator = Ad-Hoc|iPhoneSimulator
		AppStore|Any CPU = AppStore|Any CPU
		AppStore|iPhone = AppStore|iPhone
		AppStore|iPhoneSimulator = AppStore|iPhoneSimulator
		Debug|Any CPU = Debug|Any CPU
		Debug|iPhone = Debug|iPhone
		Debug|iPhoneSimulator = Debug|iPhoneSimulator
		Release|Any CPU = Release|Any CPU
		Release|iPhone = Release|iPhone
		Release|iPhoneSimulator = Release|iPhoneSimulator
	EndGlobalSection
	GlobalSection(ProjectConfigurationPlatforms) = postSolution
		{531A6569-1E1A-480C-86B8-1D2E68B3385F}.Ad-Hoc|Any CPU.ActiveCfg = Debug|Any CPU
		{531A6569-1E1A-480C-86B8-1D2E68B3385F}.Ad-Hoc|Any CPU.Build.0 = Debug|Any CPU
		{531A6569-1E1A-480C-86B8-1D2E68B3385F}.Ad-Hoc|iPhone.ActiveCfg = Debug|Any CPU
		{531A6569-1E1A-480C-86B8-1D2E68B3385F}.Ad-Hoc|iPhone.Build.0 = Debug|Any CPU
		{531A6569-1E1A-480C-86B8-1D2E68B3385F}.Ad-Hoc|iPhoneSimulator.ActiveCfg = Debug|Any CPU
		{531A6569-1E1A-480C-86B8-1D2E68B3385F}.Ad-Hoc|iPhoneSimulator.Build.0 = Debug|Any CPU
		{531A6569-1E1A-480C-86B8-1D2E68B3385F}.AppStore|Any CPU.ActiveCfg = Debug|Any CPU
		{531A6569-1E1A-480C-86B8-1D2E68B3385F}.AppStore|Any CPU.Build.0 = Debug|Any CPU
		{531A6569-1E1A-480C-86B8-1D2E68B3385F}.AppStore|iPhone.ActiveCfg = Debug|Any CPU
		{531A6569-1E1A-480C-86B8-1D2E68B3385F}.AppStore|iPhone.Build.0 = Debug|Any CPU
		{531A6569-1E1A-480C-86B8-1D2E68B3385F}.AppStore|iPhoneSimulator.ActiveCfg = Debug|Any CPU
		{531A6569-1E1A-480C-86B8-1D2E68B3385F}.AppStore|iPhoneSimulator.Build.0 = Debug|Any CPU
		{531A6569-1E1A-480C-86B8-1D2E68B3385F}.Debug|Any CPU.ActiveCfg = Debug|Any CPU
		{531A6569-1E1A-480C-86B8-1D2E68B3385F}.Debug|Any CPU.Build.0 = Debug|Any CPU
		{531A6569-1E1A-480C-86B8-1D2E68B3385F}.Debug|iPhone.ActiveCfg = Debug|Any CPU
		{531A6569-1E1A-480C-86B8-1D2E68B3385F}.Debug|iPhone.Build.0 = Debug|Any CPU
		{531A6569-1E1A-480C-86B8-1D2E68B3385F}.Debug|iPhoneSimulator.ActiveCfg = Debug|Any CPU
		{531A6569-1E1A-480C-86B8-1D2E68B3385F}.Debug|iPhoneSimulator.Build.0 = Debug|Any CPU
		{531A6569-1E1A-480C-86B8-1D2E68B3385F}.Release|Any CPU.ActiveCfg = Release|Any CPU
		{531A6569-1E1A-480C-86B8-1D2E68B3385F}.Release|Any CPU.Build.0 = Release|Any CPU
		{531A6569-1E1A-480C-86B8-1D2E68B3385F}.Release|iPhone.ActiveCfg = Release|Any CPU
		{531A6569-1E1A-480C-86B8-1D2E68B3385F}.Release|iPhone.Build.0 = Release|Any CPU
		{531A6569-1E1A-480C-86B8-1D2E68B3385F}.Release|iPhoneSimulator.ActiveCfg = Release|Any CPU
		{531A6569-1E1A-480C-86B8-1D2E68B3385F}.Release|iPhoneSimulator.Build.0 = Release|Any CPU
		{71FDAD5E-ED3C-46DA-8E6A-EF449A2F28F2}.Ad-Hoc|Any CPU.ActiveCfg = Debug|Any CPU
		{71FDAD5E-ED3C-46DA-8E6A-EF449A2F28F2}.Ad-Hoc|Any CPU.Build.0 = Debug|Any CPU
		{71FDAD5E-ED3C-46DA-8E6A-EF449A2F28F2}.Ad-Hoc|Any CPU.Deploy.0 = Debug|Any CPU
		{71FDAD5E-ED3C-46DA-8E6A-EF449A2F28F2}.Ad-Hoc|iPhone.ActiveCfg = Debug|Any CPU
		{71FDAD5E-ED3C-46DA-8E6A-EF449A2F28F2}.Ad-Hoc|iPhone.Build.0 = Debug|Any CPU
		{71FDAD5E-ED3C-46DA-8E6A-EF449A2F28F2}.Ad-Hoc|iPhone.Deploy.0 = Debug|Any CPU
		{71FDAD5E-ED3C-46DA-8E6A-EF449A2F28F2}.Ad-Hoc|iPhoneSimulator.ActiveCfg = Debug|Any CPU
		{71FDAD5E-ED3C-46DA-8E6A-EF449A2F28F2}.Ad-Hoc|iPhoneSimulator.Build.0 = Debug|Any CPU
		{71FDAD5E-ED3C-46DA-8E6A-EF449A2F28F2}.Ad-Hoc|iPhoneSimulator.Deploy.0 = Debug|Any CPU
		{71FDAD5E-ED3C-46DA-8E6A-EF449A2F28F2}.AppStore|Any CPU.ActiveCfg = Debug|Any CPU
		{71FDAD5E-ED3C-46DA-8E6A-EF449A2F28F2}.AppStore|Any CPU.Build.0 = Debug|Any CPU
		{71FDAD5E-ED3C-46DA-8E6A-EF449A2F28F2}.AppStore|Any CPU.Deploy.0 = Debug|Any CPU
		{71FDAD5E-ED3C-46DA-8E6A-EF449A2F28F2}.AppStore|iPhone.ActiveCfg = Debug|Any CPU
		{71FDAD5E-ED3C-46DA-8E6A-EF449A2F28F2}.AppStore|iPhone.Build.0 = Debug|Any CPU
		{71FDAD5E-ED3C-46DA-8E6A-EF449A2F28F2}.AppStore|iPhone.Deploy.0 = Debug|Any CPU
		{71FDAD5E-ED3C-46DA-8E6A-EF449A2F28F2}.AppStore|iPhoneSimulator.ActiveCfg = Debug|Any CPU
		{71FDAD5E-ED3C-46DA-8E6A-EF449A2F28F2}.AppStore|iPhoneSimulator.Build.0 = Debug|Any CPU
		{71FDAD5E-ED3C-46DA-8E6A-EF449A2F28F2}.AppStore|iPhoneSimulator.Deploy.0 = Debug|Any CPU
		{71FDAD5E-ED3C-46DA-8E6A-EF449A2F28F2}.Debug|Any CPU.ActiveCfg = Debug|Any CPU
		{71FDAD5E-ED3C-46DA-8E6A-EF449A2F28F2}.Debug|Any CPU.Build.0 = Debug|Any CPU
		{71FDAD5E-ED3C-46DA-8E6A-EF449A2F28F2}.Debug|Any CPU.Deploy.0 = Debug|Any CPU
		{71FDAD5E-ED3C-46DA-8E6A-EF449A2F28F2}.Debug|iPhone.ActiveCfg = Debug|Any CPU
		{71FDAD5E-ED3C-46DA-8E6A-EF449A2F28F2}.Debug|iPhone.Build.0 = Debug|Any CPU
		{71FDAD5E-ED3C-46DA-8E6A-EF449A2F28F2}.Debug|iPhone.Deploy.0 = Debug|Any CPU
		{71FDAD5E-ED3C-46DA-8E6A-EF449A2F28F2}.Debug|iPhoneSimulator.ActiveCfg = Debug|Any CPU
		{71FDAD5E-ED3C-46DA-8E6A-EF449A2F28F2}.Debug|iPhoneSimulator.Build.0 = Debug|Any CPU
		{71FDAD5E-ED3C-46DA-8E6A-EF449A2F28F2}.Debug|iPhoneSimulator.Deploy.0 = Debug|Any CPU
		{71FDAD5E-ED3C-46DA-8E6A-EF449A2F28F2}.Release|Any CPU.ActiveCfg = Release|Any CPU
		{71FDAD5E-ED3C-46DA-8E6A-EF449A2F28F2}.Release|Any CPU.Build.0 = Release|Any CPU
		{71FDAD5E-ED3C-46DA-8E6A-EF449A2F28F2}.Release|Any CPU.Deploy.0 = Release|Any CPU
		{71FDAD5E-ED3C-46DA-8E6A-EF449A2F28F2}.Release|iPhone.ActiveCfg = Release|Any CPU
		{71FDAD5E-ED3C-46DA-8E6A-EF449A2F28F2}.Release|iPhone.Build.0 = Release|Any CPU
		{71FDAD5E-ED3C-46DA-8E6A-EF449A2F28F2}.Release|iPhone.Deploy.0 = Release|Any CPU
		{71FDAD5E-ED3C-46DA-8E6A-EF449A2F28F2}.Release|iPhoneSimulator.ActiveCfg = Release|Any CPU
		{71FDAD5E-ED3C-46DA-8E6A-EF449A2F28F2}.Release|iPhoneSimulator.Build.0 = Release|Any CPU
		{71FDAD5E-ED3C-46DA-8E6A-EF449A2F28F2}.Release|iPhoneSimulator.Deploy.0 = Release|Any CPU
		{281E87C3-1483-4E0C-9581-05D34A493FAE}.Ad-Hoc|Any CPU.ActiveCfg = Ad-Hoc|iPhoneSimulator
		{281E87C3-1483-4E0C-9581-05D34A493FAE}.Ad-Hoc|iPhone.ActiveCfg = Ad-Hoc|iPhone
		{281E87C3-1483-4E0C-9581-05D34A493FAE}.Ad-Hoc|iPhone.Build.0 = Ad-Hoc|iPhone
		{281E87C3-1483-4E0C-9581-05D34A493FAE}.Ad-Hoc|iPhoneSimulator.ActiveCfg = Ad-Hoc|iPhoneSimulator
		{281E87C3-1483-4E0C-9581-05D34A493FAE}.Ad-Hoc|iPhoneSimulator.Build.0 = Ad-Hoc|iPhoneSimulator
		{281E87C3-1483-4E0C-9581-05D34A493FAE}.AppStore|Any CPU.ActiveCfg = AppStore|iPhoneSimulator
		{281E87C3-1483-4E0C-9581-05D34A493FAE}.AppStore|iPhone.ActiveCfg = AppStore|iPhone
		{281E87C3-1483-4E0C-9581-05D34A493FAE}.AppStore|iPhone.Build.0 = AppStore|iPhone
		{281E87C3-1483-4E0C-9581-05D34A493FAE}.AppStore|iPhoneSimulator.ActiveCfg = AppStore|iPhoneSimulator
		{281E87C3-1483-4E0C-9581-05D34A493FAE}.AppStore|iPhoneSimulator.Build.0 = AppStore|iPhoneSimulator
		{281E87C3-1483-4E0C-9581-05D34A493FAE}.Debug|Any CPU.ActiveCfg = Debug|iPhoneSimulator
		{281E87C3-1483-4E0C-9581-05D34A493FAE}.Debug|iPhone.ActiveCfg = Debug|iPhone
		{281E87C3-1483-4E0C-9581-05D34A493FAE}.Debug|iPhone.Build.0 = Debug|iPhone
		{281E87C3-1483-4E0C-9581-05D34A493FAE}.Debug|iPhoneSimulator.ActiveCfg = Debug|iPhoneSimulator
		{281E87C3-1483-4E0C-9581-05D34A493FAE}.Debug|iPhoneSimulator.Build.0 = Debug|iPhoneSimulator
		{281E87C3-1483-4E0C-9581-05D34A493FAE}.Release|Any CPU.ActiveCfg = Release|iPhoneSimulator
		{281E87C3-1483-4E0C-9581-05D34A493FAE}.Release|iPhone.ActiveCfg = Release|iPhone
		{281E87C3-1483-4E0C-9581-05D34A493FAE}.Release|iPhone.Build.0 = Release|iPhone
		{281E87C3-1483-4E0C-9581-05D34A493FAE}.Release|iPhoneSimulator.ActiveCfg = Release|iPhoneSimulator
		{281E87C3-1483-4E0C-9581-05D34A493FAE}.Release|iPhoneSimulator.Build.0 = Release|iPhoneSimulator
	EndGlobalSection
	GlobalSection(SolutionProperties) = preSolution
		HideSolutionNode = FALSE
	EndGlobalSection
	GlobalSection(ExtensibilityGlobals) = postSolution
		SolutionGuid = {FCBFC88B-DCF8-4E8E-A432-CBB95220A7DD}
	EndGlobalSection
EndGlobal
